{
  "nodes": {
    "age-plugin-1pass": {
      "inputs": {
        "flake-utils": "flake-utils",
        "nixpkgs": [
          "nixpkgs"
        ]
      },
      "locked": {
        "lastModified": 1775952486,
        "narHash": "sha256-R43/YeL/gbxI2cfsHftMusF2ideqdl1Td97NJ9EFfwg=",
        "owner": "thomastaylor312",
        "repo": "age-plugin-1pass",
        "rev": "876964167df0ac88d674f30e1daa40db07dfcb4b",
        "type": "github"
      },
      "original": {
        "owner": "thomastaylor312",
        "ref": "v0.1.0",
        "repo": "age-plugin-1pass",
        "type": "github"
      }
    },
    "dracula-yazi": {
      "flake": false,
      "locked": {
        "lastModified": 1763517765,
        "narHash": "sha256-wie3trdC7nGGOvuPTzo8SG9lg+lKKQb2tlMjrLVMMRU=",
        "owner": "dracula",
        "repo": "yazi",
        "rev": "1b1a8d1083474defa9e4c1c3de4db9576f23175f",
        "type": "github"
      },
      "original": {
        "owner": "dracula",
        "ref": "main",
        "repo": "yazi",
        "type": "github"
      }
    },
    "fenix": {
      "inputs": {
        "nixpkgs": [
          "tuicr",
          "naersk",
          "nixpkgs"
        ],
        "rust-analyzer-src": "rust-analyzer-src"
      },
      "locked": {
        "lastModified": 1752475459,
        "narHash": "sha256-z6QEu4ZFuHiqdOPbYss4/Q8B0BFhacR8ts6jO/F/aOU=",
        "owner": "nix-community",
        "repo": "fenix",
        "rev": "bf0d6f70f4c9a9cf8845f992105652173f4b617f",
        "type": "github"
      },
      "original": {
        "owner": "nix-community",
        "repo": "fenix",
        "type": "github"
      }
    },
    "flake-utils": {
      "inputs": {
        "systems": "systems"
      },
      "locked": {
        "lastModified": 1731533236,
        "narHash": "sha256-l0KFg5HjrsfsO/JpG+r7fRrqm12kzFHyUHqHCVpMMbI=",
        "owner": "numtide",
        "repo": "flake-utils",
        "rev": "11707dc2f618dd54ca8739b309ec4fc024de578b",
        "type": "github"
      },
      "original": {
        "owner": "numtide",
        "repo": "flake-utils",
        "type": "github"
      }
    },
    "flake-utils_2": {
      "inputs": {
        "systems": "systems_2"
      },
      "locked": {
        "lastModified": 1731533236,
        "narHash": "sha256-l0KFg5HjrsfsO/JpG+r7fRrqm12kzFHyUHqHCVpMMbI=",
        "owner": "numtide",
        "repo": "flake-utils",
        "rev": "11707dc2f618dd54ca8739b309ec4fc024de578b",
        "type": "github"
      },
      "original": {
        "owner": "numtide",
        "repo": "flake-utils",
        "type": "github"
      }
    },
    "helix": {
      "inputs": {
        "nixpkgs": [
          "nixpkgs"
        ],
        "rust-overlay": "rust-overlay"
      },
      "locked": {
        "lastModified": 1773719428,
        "narHash": "sha256-ST2VPQWD5Sz5on7/ZSE7T5kSGMASXrtC7US57cwFCmY=",
        "owner": "thomastaylor312",
        "repo": "helix",
        "rev": "4c50b0ceefd272f45d3d5041d0d4b7502dbf527d",
        "type": "github"
      },
      "original": {
        "owner": "thomastaylor312",
        "ref": "inline-completion",
        "repo": "helix",
        "type": "github"
      }
    },
    "home-manager": {
      "inputs": {
        "nixpkgs": [
          "nixpkgs"
        ]
      },
      "locked": {
        "lastModified": 1776562531,
        "narHash": "sha256-Lh5Ns9DI67E+lSMOCGK0S+mFPy0mz0yOGiJTUXiR9JI=",
        "owner": "nix-community",
        "repo": "home-manager",
        "rev": "5b56ad02dc643808b8af6d5f3ff179e2ce9593f4",
        "type": "github"
      },
      "original": {
        "owner": "nix-community",
        "repo": "home-manager",
        "type": "github"
      }
    },
    "naersk": {
      "inputs": {
        "fenix": "fenix",
        "nixpkgs": [
          "tuicr",
          "nixpkgs"
        ]
      },
      "locked": {
        "lastModified": 1769799857,
        "narHash": "sha256-88IFXZ7Sa1vxbz5pty0Io5qEaMQMMUPMonLa3Ls/ss4=",
        "owner": "nix-community",
        "repo": "naersk",
        "rev": "9d4ed44d8b8cecdceb1d6fd76e74123d90ae6339",
        "type": "github"
      },
      "original": {
        "owner": "nix-community",
        "ref": "master",
        "repo": "naersk",
        "type": "github"
      }
    },
    "nix-vscode-extensions": {
      "inputs": {
        "nixpkgs": [
          "nixpkgs"
        ]
      },
      "locked": {
        "lastModified": 1776569733,
        "narHash": "sha256-czkwLI5Bvw1/CDpFzZzE9kNRAWn6a9DZ1TL7T8wZaTM=",
        "owner": "nix-community",
        "repo": "nix-vscode-extensions",
        "rev": "d594e11029ea42e64ebc10e05cd4beb1d1daa74c",
        "type": "github"
      },
      "original": {
        "owner": "nix-community",
        "repo": "nix-vscode-extensions",
        "type": "github"
      }
    },
    "nixpkgs": {
      "locked": {
        "lastModified": 1776169885,
        "narHash": "sha256-l/iNYDZ4bGOAFQY2q8y5OAfBBtrDAaPuRQqWaFHVRXM=",
        "owner": "nixos",
        "repo": "nixpkgs",
        "rev": "4bd9165a9165d7b5e33ae57f3eecbcb28fb231c9",
        "type": "github"
      },
      "original": {
        "owner": "nixos",
        "ref": "nixos-unstable",
        "repo": "nixpkgs",
        "type": "github"
      }
    },
    "obsidian-skills": {
      "flake": false,
      "locked": {
        "lastModified": 1775150516,
        "narHash": "sha256-/D5HKtLvVdBh7g7zCFDQmInL7/q8koiR6HL0ARmTCoE=",
        "owner": "kepano",
        "repo": "obsidian-skills",
        "rev": "fa1e131a014576ff8f8919f191a7ca8d8fded39b",
        "type": "github"
      },
      "original": {
        "owner": "kepano",
        "ref": "main",
        "repo": "obsidian-skills",
        "type": "github"
      }
    },
    "otel-tui": {
      "inputs": {
        "flake-utils": "flake-utils_2",
        "nixpkgs": [
          "nixpkgs"
        ]
      },
      "locked": {
        "lastModified": 1760258702,
        "narHash": "sha256-BKp4I6vkB644lxjiTk8R3K2ypKuPXJrbrAMQXOtpHgI=",
        "owner": "ymtdzzz",
        "repo": "otel-tui",
        "rev": "4049797876407923cf1a0ad7ff22d5186861a0c4",
        "type": "github"
      },
      "original": {
        "owner": "ymtdzzz",
        "ref": "v0.5.5",
        "repo": "otel-tui",
        "type": "github"
      }
    },
    "playwright-cli-src": {
      "flake": false,
      "locked": {
        "lastModified": 1776192087,
        "narHash": "sha256-8f/wFO4hSytpy3kEPyScoMWXWyeTl/SKoc3vD7xYaKo=",
        "owner": "microsoft",
        "repo": "playwright-cli",
        "rev": "0406adaed4c6ba95bbfa6952229e76188bc59993",
        "type": "github"
      },
      "original": {
        "owner": "microsoft",
        "ref": "v0.1.8",
        "repo": "playwright-cli",
        "type": "github"
      }
    },
    "root": {
      "inputs": {
        "age-plugin-1pass": "age-plugin-1pass",
        "dracula-yazi": "dracula-yazi",
        "helix": "helix",
        "home-manager": "home-manager",
        "nix-vscode-extensions": "nix-vscode-extensions",
        "nixpkgs": "nixpkgs",
        "obsidian-skills": "obsidian-skills",
        "otel-tui": "otel-tui",
        "playwright-cli-src": "playwright-cli-src",
        "tuicr": "tuicr"
      }
    },
    "rust-analyzer-src": {
      "flake": false,
      "locked": {
        "lastModified": 1752428706,
        "narHash": "sha256-EJcdxw3aXfP8Ex1Nm3s0awyH9egQvB2Gu+QEnJn2Sfg=",
        "owner": "rust-lang",
        "repo": "rust-analyzer",
        "rev": "591e3b7624be97e4443ea7b5542c191311aa141d",
        "type": "github"
      },
      "original": {
        "owner": "rust-lang",
        "ref": "nightly",
        "repo": "rust-analyzer",
        "type": "github"
      }
    },
    "rust-overlay": {
      "inputs": {
        "nixpkgs": [
          "helix",
          "nixpkgs"
        ]
      },
      "locked": {
        "lastModified": 1759631821,
        "narHash": "sha256-V8A1L0FaU/aSXZ1QNJScxC12uP4hANeRBgI4YdhHeRM=",
        "owner": "oxalica",
        "repo": "rust-overlay",
        "rev": "1d7cbdaad90f8a5255a89a6eddd8af24dc89cafe",
        "type": "github"
      },
      "original": {
        "owner": "oxalica",
        "repo": "rust-overlay",
        "type": "github"
      }
    },
    "systems": {
      "locked": {
        "lastModified": 1681028828,
        "narHash": "sha256-Vy1rq5AaRuLzOxct8nz4T6wlgyUR7zLU309k9mBC768=",
        "owner": "nix-systems",
        "repo": "default",
        "rev": "da67096a3b9bf56a91d16901293e51ba5b49a27e",
        "type": "github"
      },
      "original": {
        "owner": "nix-systems",
        "repo": "default",
        "type": "github"
      }
    },
    "systems_2": {
      "locked": {
        "lastModified": 1681028828,
        "narHash": "sha256-Vy1rq5AaRuLzOxct8nz4T6wlgyUR7zLU309k9mBC768=",
        "owner": "nix-systems",
        "repo": "default",
        "rev": "da67096a3b9bf56a91d16901293e51ba5b49a27e",
        "type": "github"
      },
      "original": {
        "owner": "nix-systems",
        "repo": "default",
        "type": "github"
      }
    },
    "systems_3": {
      "locked": {
        "lastModified": 1681028828,
        "narHash": "sha256-Vy1rq5AaRuLzOxct8nz4T6wlgyUR7zLU309k9mBC768=",
        "owner": "nix-systems",
        "repo": "default",
        "rev": "da67096a3b9bf56a91d16901293e51ba5b49a27e",
        "type": "github"
      },
      "original": {
        "owner": "nix-systems",
        "repo": "default",
        "type": "github"
      }
    },
    "tuicr": {
      "inputs": {
        "naersk": "naersk",
        "nixpkgs": [
          "nixpkgs"
        ],
        "utils": "utils"
      },
      "locked": {
        "lastModified": 1775837217,
        "narHash": "sha256-Hu58R7LOsTSArZuqrmH7G5NwJI8NnSxMXbdqCqbxIxs=",
        "owner": "agavra",
        "repo": "tuicr",
        "rev": "60215abc26deefb1b2752ce8b37bfa7d1c8fc56c",
        "type": "github"
      },
      "original": {
        "owner": "agavra",
        "ref": "v0.10.0",
        "repo": "tuicr",
        "type": "github"
      }
    },
    "utils": {
      "inputs": {
        "systems": "systems_3"
      },
      "locked": {
        "lastModified": 1731533236,
        "narHash": "sha256-l0KFg5HjrsfsO/JpG+r7fRrqm12kzFHyUHqHCVpMMbI=",
        "owner": "numtide",
        "repo": "flake-utils",
        "rev": "11707dc2f618dd54ca8739b309ec4fc024de578b",
        "type": "github"
      },
      "original": {
        "owner": "numtide",
        "repo": "flake-utils",
        "type": "github"
      }
    }
  },
  "root": "root",
  "version": 7
}
