{
  "nodes": {
    "age-plugin-1pass": {
      "inputs": {
        "flake-utils": "flake-utils",
        "nixpkgs": [
          "nixpkgs"
        ]
      },
      "locked": {
        "lastModified": 1775952486,
        "narHash": "sha256-R43/YeL/gbxI2cfsHftMusF2ideqdl1Td97NJ9EFfwg=",
        "owner": "thomastaylor312",
        "repo": "age-plugin-1pass",
        "rev": "876964167df0ac88d674f30e1daa40db07dfcb4b",
        "type": "github"
      },
      "original": {
        "owner": "thomastaylor312",
        "ref": "v0.1.0",
        "repo": "age-plugin-1pass",
        "type": "github"
      }
    },
    "dracula-yazi": {
      "flake": false,
      "locked": {
        "lastModified": 1763517765,
        "narHash": "sha256-wie3trdC7nGGOvuPTzo8SG9lg+lKKQb2tlMjrLVMMRU=",
        "owner": "dracula",
        "repo": "yazi",
        "rev": "1b1a8d1083474defa9e4c1c3de4db9576f23175f",
        "type": "github"
      },
      "original": {
        "owner": "dracula",
        "ref": "main",
        "repo": "yazi",
        "type": "github"
      }
    },
    "fenix": {
      "inputs": {
        "nixpkgs": [
          "tuicr",
          "naersk",
          "nixpkgs"
        ],
        "rust-analyzer-src": "rust-analyzer-src"
      },
      "locked": {
        "lastModified": 1752475459,
        "narHash": "sha256-z6QEu4ZFuHiqdOPbYss4/Q8B0BFhacR8ts6jO/F/aOU=",
        "owner": "nix-community",
        "repo": "fenix",
        "rev": "bf0d6f70f4c9a9cf8845f992105652173f4b617f",
        "type": "github"
      },
      "original": {
        "owner": "nix-community",
        "repo": "fenix",
        "type": "github"
      }
    },
    "flake-utils": {
      "inputs": {
        "systems": "systems"
      },
      "locked": {
        "lastModified": 1731533236,
        "narHash": "sha256-l0KFg5HjrsfsO/JpG+r7fRrqm12kzFHyUHqHCVpMMbI=",
        "owner": "numtide",
        "repo": "flake-utils",
        "rev": "11707dc2f618dd54ca8739b309ec4fc024de578b",
        "type": "github"
      },
      "original": {
        "owner": "numtide",
        "repo": "flake-utils",
        "type": "github"
      }
    },
    "flake-utils_2": {
      "inputs": {
        "systems": "systems_2"
      },
      "locked": {
        "lastModified": 1731533236,
        "narHash": "sha256-l0KFg5HjrsfsO/JpG+r7fRrqm12kzFHyUHqHCVpMMbI=",
        "owner": "numtide",
        "repo": "flake-utils",
        "rev": "11707dc2f618dd54ca8739b309ec4fc024de578b",
        "type": "github"
      },
      "original": {
        "owner": "numtide",
        "repo": "flake-utils",
        "type": "github"
      }
    },
    "helix": {
      "inputs": {
        "nixpkgs": [
          "nixpkgs"
        ],
        "rust-overlay": "rust-overlay"
      },
      "locked": {
        "lastModified": 1778029280,
        "narHash": "sha256-Adz5Pur05MhexmFoUt1AB8yVnrMEg6lCLynB0glz53c=",
        "owner": "thomastaylor312",
        "repo": "helix",
        "rev": "c06c062d919053ff3bc01b0ca6c56ad90541f721",
        "type": "github"
      },
      "original": {
        "owner": "thomastaylor312",
        "ref": "inline-completion",
        "repo": "helix",
        "type": "github"
      }
    },
    "home-manager": {
      "inputs": {
        "nixpkgs": [
          "nixpkgs"
        ]
      },
      "locked": {
        "lastModified": 1778728372,
        "narHash": "sha256-8pArLaovyMHR9VHa6eVk4e5vgvDS+Dg9J8pxPBjAE18=",
        "owner": "nix-community",
        "repo": "home-manager",
        "rev": "f04b141d1a0d6d7d62aa9678aef602dfb61e8bb1",
        "type": "github"
      },
      "original": {
        "owner": "nix-community",
        "repo": "home-manager",
        "type": "github"
      }
    },
    "naersk": {
      "inputs": {
        "fenix": "fenix",
        "nixpkgs": [
          "tuicr",
          "nixpkgs"
        ]
      },
      "locked": {
        "lastModified": 1769799857,
        "narHash": "sha256-88IFXZ7Sa1vxbz5pty0Io5qEaMQMMUPMonLa3Ls/ss4=",
        "owner": "nix-community",
        "repo": "naersk",
        "rev": "9d4ed44d8b8cecdceb1d6fd76e74123d90ae6339",
        "type": "github"
      },
      "original": {
        "owner": "nix-community",
        "ref": "master",
        "repo": "naersk",
        "type": "github"
      }
    },
    "nix-vscode-extensions": {
      "inputs": {
        "nixpkgs": [
          "nixpkgs"
        ]
      },
      "locked": {
        "lastModified": 1778730840,
        "narHash": "sha256-j2xllvlwDMRjRNFxKrnFYD5h6r8dlxrqtGDMYf/OTJY=",
        "owner": "nix-community",
        "repo": "nix-vscode-extensions",
        "rev": "bd79f28576c5d9e9af7328843eadc0d7d54f596d",
        "type": "github"
      },
      "original": {
        "owner": "nix-community",
        "repo": "nix-vscode-extensions",
        "type": "github"
      }
    },
    "nixpkgs": {
      "locked": {
        "lastModified": 1778443072,
        "narHash": "sha256-zi7/fsqM/kFdNuED//4WOCUtezGtKKqRNORjMvfwjnA=",
        "owner": "nixos",
        "repo": "nixpkgs",
        "rev": "da5ad661ba4e5ef59ba743f0d112cbc30e474f32",
        "type": "github"
      },
      "original": {
        "owner": "nixos",
        "ref": "nixos-unstable",
        "repo": "nixpkgs",
        "type": "github"
      }
    },
    "obsidian-skills": {
      "flake": false,
      "locked": {
        "lastModified": 1778185448,
        "narHash": "sha256-2kr8fmkuxRLaTy2O+dTv9K+75mRIqkLmaArw2/hj5uc=",
        "owner": "kepano",
        "repo": "obsidian-skills",
        "rev": "ac9398734fe719565809f7a6048b05c36b1ca38f",
        "type": "github"
      },
      "original": {
        "owner": "kepano",
        "ref": "main",
        "repo": "obsidian-skills",
        "type": "github"
      }
    },
    "otel-tui": {
      "inputs": {
        "flake-utils": "flake-utils_2",
        "nixpkgs": [
          "nixpkgs"
        ]
      },
      "locked": {
        "lastModified": 1760258702,
        "narHash": "sha256-BKp4I6vkB644lxjiTk8R3K2ypKuPXJrbrAMQXOtpHgI=",
        "owner": "ymtdzzz",
        "repo": "otel-tui",
        "rev": "4049797876407923cf1a0ad7ff22d5186861a0c4",
        "type": "github"
      },
      "original": {
        "owner": "ymtdzzz",
        "ref": "v0.5.5",
        "repo": "otel-tui",
        "type": "github"
      }
    },
    "playwright-cli-src": {
      "flake": false,
      "locked": {
        "lastModified": 1776192087,
        "narHash": "sha256-8f/wFO4hSytpy3kEPyScoMWXWyeTl/SKoc3vD7xYaKo=",
        "owner": "microsoft",
        "repo": "playwright-cli",
        "rev": "0406adaed4c6ba95bbfa6952229e76188bc59993",
        "type": "github"
      },
      "original": {
        "owner": "microsoft",
        "ref": "v0.1.8",
        "repo": "playwright-cli",
        "type": "github"
      }
    },
    "root": {
      "inputs": {
        "age-plugin-1pass": "age-plugin-1pass",
        "dracula-yazi": "dracula-yazi",
        "helix": "helix",
        "home-manager": "home-manager",
        "nix-vscode-extensions": "nix-vscode-extensions",
        "nixpkgs": "nixpkgs",
        "obsidian-skills": "obsidian-skills",
        "otel-tui": "otel-tui",
        "playwright-cli-src": "playwright-cli-src",
        "tuicr": "tuicr"
      }
    },
    "rust-analyzer-src": {
      "flake": false,
      "locked": {
        "lastModified": 1752428706,
        "narHash": "sha256-EJcdxw3aXfP8Ex1Nm3s0awyH9egQvB2Gu+QEnJn2Sfg=",
        "owner": "rust-lang",
        "repo": "rust-analyzer",
        "rev": "591e3b7624be97e4443ea7b5542c191311aa141d",
        "type": "github"
      },
      "original": {
        "owner": "rust-lang",
        "ref": "nightly",
        "repo": "rust-analyzer",
        "type": "github"
      }
    },
    "rust-overlay": {
      "inputs": {
        "nixpkgs": [
          "helix",
          "nixpkgs"
        ]
      },
      "locked": {
        "lastModified": 1775358767,
        "narHash": "sha256-f2eC+WIfhjevCPQILuV08i/kmKZzYZpUvkom/33VxCA=",
        "owner": "oxalica",
        "repo": "rust-overlay",
        "rev": "20fd44bc663daa53a2575e01293e24e681d62244",
        "type": "github"
      },
      "original": {
        "owner": "oxalica",
        "repo": "rust-overlay",
        "type": "github"
      }
    },
    "systems": {
      "locked": {
        "lastModified": 1681028828,
        "narHash": "sha256-Vy1rq5AaRuLzOxct8nz4T6wlgyUR7zLU309k9mBC768=",
        "owner": "nix-systems",
        "repo": "default",
        "rev": "da67096a3b9bf56a91d16901293e51ba5b49a27e",
        "type": "github"
      },
      "original": {
        "owner": "nix-systems",
        "repo": "default",
        "type": "github"
      }
    },
    "systems_2": {
      "locked": {
        "lastModified": 1681028828,
        "narHash": "sha256-Vy1rq5AaRuLzOxct8nz4T6wlgyUR7zLU309k9mBC768=",
        "owner": "nix-systems",
        "repo": "default",
        "rev": "da67096a3b9bf56a91d16901293e51ba5b49a27e",
        "type": "github"
      },
      "original": {
        "owner": "nix-systems",
        "repo": "default",
        "type": "github"
      }
    },
    "systems_3": {
      "locked": {
        "lastModified": 1681028828,
        "narHash": "sha256-Vy1rq5AaRuLzOxct8nz4T6wlgyUR7zLU309k9mBC768=",
        "owner": "nix-systems",
        "repo": "default",
        "rev": "da67096a3b9bf56a91d16901293e51ba5b49a27e",
        "type": "github"
      },
      "original": {
        "owner": "nix-systems",
        "repo": "default",
        "type": "github"
      }
    },
    "tuicr": {
      "inputs": {
        "naersk": "naersk",
        "nixpkgs": [
          "nixpkgs"
        ],
        "utils": "utils"
      },
      "locked": {
        "lastModified": 1775837217,
        "narHash": "sha256-Hu58R7LOsTSArZuqrmH7G5NwJI8NnSxMXbdqCqbxIxs=",
        "owner": "agavra",
        "repo": "tuicr",
        "rev": "60215abc26deefb1b2752ce8b37bfa7d1c8fc56c",
        "type": "github"
      },
      "original": {
        "owner": "agavra",
        "ref": "v0.10.0",
        "repo": "tuicr",
        "type": "github"
      }
    },
    "utils": {
      "inputs": {
        "systems": "systems_3"
      },
      "locked": {
        "lastModified": 1731533236,
        "narHash": "sha256-l0KFg5HjrsfsO/JpG+r7fRrqm12kzFHyUHqHCVpMMbI=",
        "owner": "numtide",
        "repo": "flake-utils",
        "rev": "11707dc2f618dd54ca8739b309ec4fc024de578b",
        "type": "github"
      },
      "original": {
        "owner": "numtide",
        "repo": "flake-utils",
        "type": "github"
      }
    }
  },
  "root": "root",
  "version": 7
}
